
Microsoft Visual Studio Solution File, Format Version 12.00
# Visual Studio 2013
VisualStudioVersion = 12.0.40629.0
MinimumVisualStudioVersion = 10.0.40219.1
Project("{FAE04EC0-301F-11D3-BF4B-00C04F79EFBC}") = "WebAPI", "WebAPI\WebAPI.csproj", "{F603E600-3E50-4CEC-B2FD-F297A8C6E401}"
EndProject
Project("{FAE04EC0-301F-11D3-BF4B-00C04F79EFBC}") = "DataModel", "DataModel\DataModel.csproj", "{EAE4A925-3D6D-4108-BA3C-C3B8124692A0}"
EndProject
Project("{FAE04EC0-301F-11D3-BF4B-00C04F79EFBC}") = "BusinessEntities", "BusinessEntities\BusinessEntities.csproj", "{A0186135-2A57-4F74-8E1F-9C018664D7C5}"
EndProject
Project("{FAE04EC0-301F-11D3-BF4B-00C04F79EFBC}") = "BusinessServices", "BusinessServices\BusinessServices.csproj", "{8A662DFE-EB08-4FC1-9DCA-325353D9D19D}"
EndProject
Project("{FAE04EC0-301F-11D3-BF4B-00C04F79EFBC}") = "Resolver", "Resolver\Resolver.csproj", "{92803A26-EA94-4DC8-A495-24052A63B2DC}"
EndProject
Global
	GlobalSection(SolutionConfigurationPlatforms) = preSolution
		Debug|Any CPU = Debug|Any CPU
		Release|Any CPU = Release|Any CPU
	EndGlobalSection
	GlobalSection(ProjectConfigurationPlatforms) = postSolution
		{F603E600-3E50-4CEC-B2FD-F297A8C6E401}.Debug|Any CPU.ActiveCfg = Debug|Any CPU
		{F603E600-3E50-4CEC-B2FD-F297A8C6E401}.Debug|Any CPU.Build.0 = Debug|Any CPU
		{F603E600-3E50-4CEC-B2FD-F297A8C6E401}.Release|Any CPU.ActiveCfg = Release|Any CPU
		{F603E600-3E50-4CEC-B2FD-F297A8C6E401}.Release|Any CPU.Build.0 = Release|Any CPU
		{EAE4A925-3D6D-4108-BA3C-C3B8124692A0}.Debug|Any CPU.ActiveCfg = Debug|Any CPU
		{EAE4A925-3D6D-4108-BA3C-C3B8124692A0}.Debug|Any CPU.Build.0 = Debug|Any CPU
		{EAE4A925-3D6D-4108-BA3C-C3B8124692A0}.Release|Any CPU.ActiveCfg = Release|Any CPU
		{EAE4A925-3D6D-4108-BA3C-C3B8124692A0}.Release|Any CPU.Build.0 = Release|Any CPU
		{A0186135-2A57-4F74-8E1F-9C018664D7C5}.Debug|Any CPU.ActiveCfg = Debug|Any CPU
		{A0186135-2A57-4F74-8E1F-9C018664D7C5}.Debug|Any CPU.Build.0 = Debug|Any CPU
		{A0186135-2A57-4F74-8E1F-9C018664D7C5}.Release|Any CPU.ActiveCfg = Release|Any CPU
		{A0186135-2A57-4F74-8E1F-9C018664D7C5}.Release|Any CPU.Build.0 = Release|Any CPU
		{8A662DFE-EB08-4FC1-9DCA-325353D9D19D}.Debug|Any CPU.ActiveCfg = Debug|Any CPU
		{8A662DFE-EB08-4FC1-9DCA-325353D9D19D}.Debug|Any CPU.Build.0 = Debug|Any CPU
		{8A662DFE-EB08-4FC1-9DCA-325353D9D19D}.Release|Any CPU.ActiveCfg = Release|Any CPU
		{8A662DFE-EB08-4FC1-9DCA-325353D9D19D}.Release|Any CPU.Build.0 = Release|Any CPU
		{92803A26-EA94-4DC8-A495-24052A63B2DC}.Debug|Any CPU.ActiveCfg = Debug|Any CPU
		{92803A26-EA94-4DC8-A495-24052A63B2DC}.Debug|Any CPU.Build.0 = Debug|Any CPU
		{92803A26-EA94-4DC8-A495-24052A63B2DC}.Release|Any CPU.ActiveCfg = Release|Any CPU
		{92803A26-EA94-4DC8-A495-24052A63B2DC}.Release|Any CPU.Build.0 = Release|Any CPU
	EndGlobalSection
	GlobalSection(SolutionProperties) = preSolution
		HideSolutionNode = FALSE
	EndGlobalSection
	GlobalSection(ExtensibilityGlobals) = postSolution
		EnterpriseLibraryConfigurationToolBinariesPath = packages\Unity.2.1.505.0\lib\NET35
	EndGlobalSection
EndGlobal
